
Microsoft Visual Studio Solution File, Format Version 12.00
# Visual Studio Version 17
VisualStudioVersion = 17.7.34024.191
MinimumVisualStudioVersion = 10.0.40219.1
Project("{FAE04EC0-301F-11D3-BF4B-00C04F79EFBC}") = "testDonViHanhChinh", "testDonViHanhChinh\testDonViHanhChinh.csproj", "{3CFF3663-3229-41F7-9E2A-937B2270E800}"
EndProject
Global
	GlobalSection(SolutionConfigurationPlatforms) = preSolution
		Debug|Any CPU = Debug|Any CPU
		Release|Any CPU = Release|Any CPU
	EndGlobalSection
	GlobalSection(ProjectConfigurationPlatforms) = postSolution
		{3CFF3663-3229-41F7-9E2A-937B2270E800}.Debug|Any CPU.ActiveCfg = Debug|Any CPU
		{3CFF3663-3229-41F7-9E2A-937B2270E800}.Debug|Any CPU.Build.0 = Debug|Any CPU
		{3CFF3663-3229-41F7-9E2A-937B2270E800}.Release|Any CPU.ActiveCfg = Release|Any CPU
		{3CFF3663-3229-41F7-9E2A-937B2270E800}.Release|Any CPU.Build.0 = Release|Any CPU
	EndGlobalSection
	GlobalSection(SolutionProperties) = preSolution
		HideSolutionNode = FALSE
	EndGlobalSection
	GlobalSection(ExtensibilityGlobals) = postSolution
		SolutionGuid = {6AA50CD0-8C09-41C6-A088-BF78CD4320F8}
	EndGlobalSection
EndGlobal
